{
  "name": "obs-witchcraft",
  "version": "0.0.1",
  "lockfileVersion": 2,
  "requires": true,
  "packages": {
    "": {
      "name": "obs-witchcraft",
      "version": "0.0.1",
      "funding": [
        {
          "type": "github",
          "url": "https://github.com/sponsors/jojobyte"
        },
        "https://ko-fi.com/jojobyte",
        "https://liberapay.com/jojobyte/"
      ],
      "devDependencies": {
        "lite-reload": "^1.0.2"
      }
    },
    "node_modules/lite-reload": {
      "version": "1.0.2",
      "resolved": "https://registry.npmjs.org/lite-reload/-/lite-reload-1.0.2.tgz",
      "integrity": "sha512-cNXZzjejj7S48FAVqTqrtO2KkrgBvHGug64bgNmdpisnt8Q/0kZNfSv6DprX5KPXG+Y/bXwY7UGxJP91iVTlBg==",
      "dev": true,
      "bin": {
        "lite-reload": "dist/lite-reload.js"
      }
    }
  },
  "dependencies": {
    "lite-reload": {
      "version": "1.0.2",
      "resolved": "https://registry.npmjs.org/lite-reload/-/lite-reload-1.0.2.tgz",
      "integrity": "sha512-cNXZzjejj7S48FAVqTqrtO2KkrgBvHGug64bgNmdpisnt8Q/0kZNfSv6DprX5KPXG+Y/bXwY7UGxJP91iVTlBg==",
      "dev": true
    }
  }
}
